
Microsoft Visual Studio Solution File, Format Version 12.00
# Visual Studio Version 17
VisualStudioVersion = 17.10.35122.118
MinimumVisualStudioVersion = 10.0.40219.1
Project("{FAE04EC0-301F-11D3-BF4B-00C04F79EFBC}") = "Lists_justin_palmer", "Lists_justin_palmer.csproj", "{427065DF-336E-4144-AD06-88E21EEA3F41}"
EndProject
Global
	GlobalSection(SolutionConfigurationPlatforms) = preSolution
		Debug|Any CPU = Debug|Any CPU
		Release|Any CPU = Release|Any CPU
	EndGlobalSection
	GlobalSection(ProjectConfigurationPlatforms) = postSolution
		{427065DF-336E-4144-AD06-88E21EEA3F41}.Debug|Any CPU.ActiveCfg = Debug|Any CPU
		{427065DF-336E-4144-AD06-88E21EEA3F41}.Debug|Any CPU.Build.0 = Debug|Any CPU
		{427065DF-336E-4144-AD06-88E21EEA3F41}.Release|Any CPU.ActiveCfg = Release|Any CPU
		{427065DF-336E-4144-AD06-88E21EEA3F41}.Release|Any CPU.Build.0 = Release|Any CPU
	EndGlobalSection
	GlobalSection(SolutionProperties) = preSolution
		HideSolutionNode = FALSE
	EndGlobalSection
	GlobalSection(ExtensibilityGlobals) = postSolution
		SolutionGuid = {F10F1F24-E59F-4830-B8BB-106D31EADF34}
	EndGlobalSection
EndGlobal
